
Microsoft Visual Studio Solution File, Format Version 11.00
# Visual Studio 2010
Project("{FAE04EC0-301F-11D3-BF4B-00C04F79EFBC}") = "Курсач Сервер", "Курсач Сервер\Курсач Сервер.csproj", "{A86BD314-983B-4E87-9D12-4AE4FF119F30}"
EndProject
Global
	GlobalSection(SolutionConfigurationPlatforms) = preSolution
		Debug|x86 = Debug|x86
		Release|x86 = Release|x86
	EndGlobalSection
	GlobalSection(ProjectConfigurationPlatforms) = postSolution
		{A86BD314-983B-4E87-9D12-4AE4FF119F30}.Debug|x86.ActiveCfg = Debug|x86
		{A86BD314-983B-4E87-9D12-4AE4FF119F30}.Debug|x86.Build.0 = Debug|x86
		{A86BD314-983B-4E87-9D12-4AE4FF119F30}.Release|x86.ActiveCfg = Release|x86
		{A86BD314-983B-4E87-9D12-4AE4FF119F30}.Release|x86.Build.0 = Release|x86
	EndGlobalSection
	GlobalSection(SolutionProperties) = preSolution
		HideSolutionNode = FALSE
	EndGlobalSection
EndGlobal
